
Microsoft Visual Studio Solution File, Format Version 12.00
# Visual Studio Version 17
VisualStudioVersion = 17.9.34723.18
MinimumVisualStudioVersion = 10.0.40219.1
Project("{FAE04EC0-301F-11D3-BF4B-00C04F79EFBC}") = "FileServer", "FileServer\FileServer.csproj", "{110FDCBE-4B97-46E9-B47E-5C8F79D34BBF}"
EndProject
Project("{9A19103F-16F7-4668-BE54-9A1E7A4F7556}") = "Common", "..\Common\Common.csproj", "{0D6B6D76-5BBC-421B-B20D-6BE61B08F21B}"
EndProject
Global
	GlobalSection(SolutionConfigurationPlatforms) = preSolution
		Debug|Any CPU = Debug|Any CPU
		Release|Any CPU = Release|Any CPU
	EndGlobalSection
	GlobalSection(ProjectConfigurationPlatforms) = postSolution
		{110FDCBE-4B97-46E9-B47E-5C8F79D34BBF}.Debug|Any CPU.ActiveCfg = Debug|Any CPU
		{110FDCBE-4B97-46E9-B47E-5C8F79D34BBF}.Debug|Any CPU.Build.0 = Debug|Any CPU
		{110FDCBE-4B97-46E9-B47E-5C8F79D34BBF}.Release|Any CPU.ActiveCfg = Release|Any CPU
		{110FDCBE-4B97-46E9-B47E-5C8F79D34BBF}.Release|Any CPU.Build.0 = Release|Any CPU
		{0D6B6D76-5BBC-421B-B20D-6BE61B08F21B}.Debug|Any CPU.ActiveCfg = Debug|Any CPU
		{0D6B6D76-5BBC-421B-B20D-6BE61B08F21B}.Debug|Any CPU.Build.0 = Debug|Any CPU
		{0D6B6D76-5BBC-421B-B20D-6BE61B08F21B}.Release|Any CPU.ActiveCfg = Release|Any CPU
		{0D6B6D76-5BBC-421B-B20D-6BE61B08F21B}.Release|Any CPU.Build.0 = Release|Any CPU
	EndGlobalSection
	GlobalSection(SolutionProperties) = preSolution
		HideSolutionNode = FALSE
	EndGlobalSection
	GlobalSection(ExtensibilityGlobals) = postSolution
		SolutionGuid = {763098AE-1044-4A1E-B0DD-1AB8E7CF733B}
	EndGlobalSection
EndGlobal
